
Microsoft Visual Studio Solution File, Format Version 12.00
# Visual Studio Version 17
VisualStudioVersion = 17.0.31903.59
MinimumVisualStudioVersion = 10.0.40219.1
Project("{2150E333-8FDC-42A3-9474-1A3956D46DE8}") = "src", "src", "{827E0CD3-B72D-47B6-A68D-7590B98EB39B}"
EndProject
Project("{FAE04EC0-301F-11D3-BF4B-00C04F79EFBC}") = "AppHost", "src\AppHost\AppHost.csproj", "{4404859F-6385-41CB-AF85-D536D2BE1BCF}"
EndProject
Project("{FAE04EC0-301F-11D3-BF4B-00C04F79EFBC}") = "ApiService", "src\ApiService\ApiService.csproj", "{E4CC4BED-FD65-4041-BE39-FC26DF93C5D6}"
EndProject
Project("{FAE04EC0-301F-11D3-BF4B-00C04F79EFBC}") = "ServiceDefaults", "src\ServiceDefaults\ServiceDefaults.csproj", "{6CF234FB-A4AC-4E62-92EA-87E8E9AEEBA4}"
EndProject
Project("{FAE04EC0-301F-11D3-BF4B-00C04F79EFBC}") = "Web", "src\Web\Web.csproj", "{AD2F895E-AAAE-40E6-885D-D2DE10CA3B06}"
EndProject
Project("{2150E333-8FDC-42A3-9474-1A3956D46DE8}") = "ERP", "ERP", "{F968B6CB-A8CC-B2D1-970F-136F7B9B018F}"
EndProject
Project("{2150E333-8FDC-42A3-9474-1A3956D46DE8}") = "Domain", "Domain", "{B0F6C364-0C40-84D1-F784-8649D99316D4}"
EndProject
Project("{FAE04EC0-301F-11D3-BF4B-00C04F79EFBC}") = "ERP.Domain", "src\ERP\Domain\ERP.Domain.csproj", "{F35AED98-E875-4857-86E5-65F59F5E280D}"
EndProject
Project("{2150E333-8FDC-42A3-9474-1A3956D46DE8}") = "Application", "Application", "{A2B08D77-13C1-2764-CEC1-4446114DD284}"
EndProject
Project("{FAE04EC0-301F-11D3-BF4B-00C04F79EFBC}") = "ERP.Application", "src\ERP\Application\ERP.Application.csproj", "{278AC3C0-3931-43D6-AD1D-5205B5565F88}"
EndProject
Project("{2150E333-8FDC-42A3-9474-1A3956D46DE8}") = "Infrastructure", "Infrastructure", "{DA211C67-CFB4-B9C2-4B8E-EEF80B13D219}"
EndProject
Project("{FAE04EC0-301F-11D3-BF4B-00C04F79EFBC}") = "ERP.Infrastructure", "src\ERP\Infrastructure\ERP.Infrastructure.csproj", "{4F0273D0-152E-476E-8B01-E9541A68F2D8}"
EndProject
Project("{2150E333-8FDC-42A3-9474-1A3956D46DE8}") = "Satisfactory", "Satisfactory", "{22F6F43C-5765-0D32-8FD6-B7D78AE9FB95}"
EndProject
Project("{2150E333-8FDC-42A3-9474-1A3956D46DE8}") = "Catalog", "Catalog", "{35923F25-55E0-2C0D-D19B-FCAFF3B97EBA}"
EndProject
Project("{FAE04EC0-301F-11D3-BF4B-00C04F79EFBC}") = "Satisfactory.Catalog", "src\Satisfactory\Catalog\Satisfactory.Catalog.csproj", "{220561C6-834D-4C07-B43E-8373FBAFD928}"
EndProject
Project("{2150E333-8FDC-42A3-9474-1A3956D46DE8}") = "test", "test", "{0C88DD14-F956-CE84-757C-A364CCF449FC}"
EndProject
Project("{2150E333-8FDC-42A3-9474-1A3956D46DE8}") = "ERP", "ERP", "{8D86881A-2011-B13E-7D9C-507917B43949}"
EndProject
Project("{2150E333-8FDC-42A3-9474-1A3956D46DE8}") = "Domain.Tests", "Domain.Tests", "{D5FB2F32-3CA3-C99F-96D8-446F3B9D8886}"
EndProject
Project("{FAE04EC0-301F-11D3-BF4B-00C04F79EFBC}") = "ERP.Domain.Tests", "test\ERP\Domain.Tests\ERP.Domain.Tests.csproj", "{189F219F-8DF9-4C59-A581-583F1CA579B8}"
EndProject
Project("{2150E333-8FDC-42A3-9474-1A3956D46DE8}") = "Application.Tests", "Application.Tests", "{EEB487B3-5331-937A-DA96-1BC1CEB315C6}"
EndProject
Project("{FAE04EC0-301F-11D3-BF4B-00C04F79EFBC}") = "ERP.Application.Tests", "test\ERP\Application.Tests\ERP.Application.Tests.csproj", "{47A48DCC-5BD0-441F-998E-02E61A4737F9}"
EndProject
Project("{2150E333-8FDC-42A3-9474-1A3956D46DE8}") = "Satisfactory", "Satisfactory", "{32127C09-B074-6ECA-60B3-11E31F86BB91}"
EndProject
Project("{2150E333-8FDC-42A3-9474-1A3956D46DE8}") = "Catalog.Tests", "Catalog.Tests", "{924813DD-CBC6-CE56-6AE7-FCC2555A34F2}"
EndProject
Project("{FAE04EC0-301F-11D3-BF4B-00C04F79EFBC}") = "Satisfactory.Catalog.Tests", "test\Satisfactory\Catalog.Tests\Satisfactory.Catalog.Tests.csproj", "{6A89EAE8-8529-42A8-AC10-9C3C768B85BC}"
EndProject
Global
	GlobalSection(SolutionConfigurationPlatforms) = preSolution
		Debug|Any CPU = Debug|Any CPU
		Debug|x64 = Debug|x64
		Debug|x86 = Debug|x86
		Release|Any CPU = Release|Any CPU
		Release|x64 = Release|x64
		Release|x86 = Release|x86
	EndGlobalSection
	GlobalSection(ProjectConfigurationPlatforms) = postSolution
		{4404859F-6385-41CB-AF85-D536D2BE1BCF}.Debug|Any CPU.ActiveCfg = Debug|Any CPU
		{4404859F-6385-41CB-AF85-D536D2BE1BCF}.Debug|Any CPU.Build.0 = Debug|Any CPU
		{4404859F-6385-41CB-AF85-D536D2BE1BCF}.Debug|x64.ActiveCfg = Debug|Any CPU
		{4404859F-6385-41CB-AF85-D536D2BE1BCF}.Debug|x64.Build.0 = Debug|Any CPU
		{4404859F-6385-41CB-AF85-D536D2BE1BCF}.Debug|x86.ActiveCfg = Debug|Any CPU
		{4404859F-6385-41CB-AF85-D536D2BE1BCF}.Debug|x86.Build.0 = Debug|Any CPU
		{4404859F-6385-41CB-AF85-D536D2BE1BCF}.Release|Any CPU.ActiveCfg = Release|Any CPU
		{4404859F-6385-41CB-AF85-D536D2BE1BCF}.Release|Any CPU.Build.0 = Release|Any CPU
		{4404859F-6385-41CB-AF85-D536D2BE1BCF}.Release|x64.ActiveCfg = Release|Any CPU
		{4404859F-6385-41CB-AF85-D536D2BE1BCF}.Release|x64.Build.0 = Release|Any CPU
		{4404859F-6385-41CB-AF85-D536D2BE1BCF}.Release|x86.ActiveCfg = Release|Any CPU
		{4404859F-6385-41CB-AF85-D536D2BE1BCF}.Release|x86.Build.0 = Release|Any CPU
		{E4CC4BED-FD65-4041-BE39-FC26DF93C5D6}.Debug|Any CPU.ActiveCfg = Debug|Any CPU
		{E4CC4BED-FD65-4041-BE39-FC26DF93C5D6}.Debug|Any CPU.Build.0 = Debug|Any CPU
		{E4CC4BED-FD65-4041-BE39-FC26DF93C5D6}.Debug|x64.ActiveCfg = Debug|Any CPU
		{E4CC4BED-FD65-4041-BE39-FC26DF93C5D6}.Debug|x64.Build.0 = Debug|Any CPU
		{E4CC4BED-FD65-4041-BE39-FC26DF93C5D6}.Debug|x86.ActiveCfg = Debug|Any CPU
		{E4CC4BED-FD65-4041-BE39-FC26DF93C5D6}.Debug|x86.Build.0 = Debug|Any CPU
		{E4CC4BED-FD65-4041-BE39-FC26DF93C5D6}.Release|Any CPU.ActiveCfg = Release|Any CPU
		{E4CC4BED-FD65-4041-BE39-FC26DF93C5D6}.Release|Any CPU.Build.0 = Release|Any CPU
		{E4CC4BED-FD65-4041-BE39-FC26DF93C5D6}.Release|x64.ActiveCfg = Release|Any CPU
		{E4CC4BED-FD65-4041-BE39-FC26DF93C5D6}.Release|x64.Build.0 = Release|Any CPU
		{E4CC4BED-FD65-4041-BE39-FC26DF93C5D6}.Release|x86.ActiveCfg = Release|Any CPU
		{E4CC4BED-FD65-4041-BE39-FC26DF93C5D6}.Release|x86.Build.0 = Release|Any CPU
		{6CF234FB-A4AC-4E62-92EA-87E8E9AEEBA4}.Debug|Any CPU.ActiveCfg = Debug|Any CPU
		{6CF234FB-A4AC-4E62-92EA-87E8E9AEEBA4}.Debug|Any CPU.Build.0 = Debug|Any CPU
		{6CF234FB-A4AC-4E62-92EA-87E8E9AEEBA4}.Debug|x64.ActiveCfg = Debug|Any CPU
		{6CF234FB-A4AC-4E62-92EA-87E8E9AEEBA4}.Debug|x64.Build.0 = Debug|Any CPU
		{6CF234FB-A4AC-4E62-92EA-87E8E9AEEBA4}.Debug|x86.ActiveCfg = Debug|Any CPU
		{6CF234FB-A4AC-4E62-92EA-87E8E9AEEBA4}.Debug|x86.Build.0 = Debug|Any CPU
		{6CF234FB-A4AC-4E62-92EA-87E8E9AEEBA4}.Release|Any CPU.ActiveCfg = Release|Any CPU
		{6CF234FB-A4AC-4E62-92EA-87E8E9AEEBA4}.Release|Any CPU.Build.0 = Release|Any CPU
		{6CF234FB-A4AC-4E62-92EA-87E8E9AEEBA4}.Release|x64.ActiveCfg = Release|Any CPU
		{6CF234FB-A4AC-4E62-92EA-87E8E9AEEBA4}.Release|x64.Build.0 = Release|Any CPU
		{6CF234FB-A4AC-4E62-92EA-87E8E9AEEBA4}.Release|x86.ActiveCfg = Release|Any CPU
		{6CF234FB-A4AC-4E62-92EA-87E8E9AEEBA4}.Release|x86.Build.0 = Release|Any CPU
		{AD2F895E-AAAE-40E6-885D-D2DE10CA3B06}.Debug|Any CPU.ActiveCfg = Debug|Any CPU
		{AD2F895E-AAAE-40E6-885D-D2DE10CA3B06}.Debug|Any CPU.Build.0 = Debug|Any CPU
		{AD2F895E-AAAE-40E6-885D-D2DE10CA3B06}.Debug|x64.ActiveCfg = Debug|Any CPU
		{AD2F895E-AAAE-40E6-885D-D2DE10CA3B06}.Debug|x64.Build.0 = Debug|Any CPU
		{AD2F895E-AAAE-40E6-885D-D2DE10CA3B06}.Debug|x86.ActiveCfg = Debug|Any CPU
		{AD2F895E-AAAE-40E6-885D-D2DE10CA3B06}.Debug|x86.Build.0 = Debug|Any CPU
		{AD2F895E-AAAE-40E6-885D-D2DE10CA3B06}.Release|Any CPU.ActiveCfg = Release|Any CPU
		{AD2F895E-AAAE-40E6-885D-D2DE10CA3B06}.Release|Any CPU.Build.0 = Release|Any CPU
		{AD2F895E-AAAE-40E6-885D-D2DE10CA3B06}.Release|x64.ActiveCfg = Release|Any CPU
		{AD2F895E-AAAE-40E6-885D-D2DE10CA3B06}.Release|x64.Build.0 = Release|Any CPU
		{AD2F895E-AAAE-40E6-885D-D2DE10CA3B06}.Release|x86.ActiveCfg = Release|Any CPU
		{AD2F895E-AAAE-40E6-885D-D2DE10CA3B06}.Release|x86.Build.0 = Release|Any CPU
		{F35AED98-E875-4857-86E5-65F59F5E280D}.Debug|Any CPU.ActiveCfg = Debug|Any CPU
		{F35AED98-E875-4857-86E5-65F59F5E280D}.Debug|Any CPU.Build.0 = Debug|Any CPU
		{F35AED98-E875-4857-86E5-65F59F5E280D}.Debug|x64.ActiveCfg = Debug|Any CPU
		{F35AED98-E875-4857-86E5-65F59F5E280D}.Debug|x64.Build.0 = Debug|Any CPU
		{F35AED98-E875-4857-86E5-65F59F5E280D}.Debug|x86.ActiveCfg = Debug|Any CPU
		{F35AED98-E875-4857-86E5-65F59F5E280D}.Debug|x86.Build.0 = Debug|Any CPU
		{F35AED98-E875-4857-86E5-65F59F5E280D}.Release|Any CPU.ActiveCfg = Release|Any CPU
		{F35AED98-E875-4857-86E5-65F59F5E280D}.Release|Any CPU.Build.0 = Release|Any CPU
		{F35AED98-E875-4857-86E5-65F59F5E280D}.Release|x64.ActiveCfg = Release|Any CPU
		{F35AED98-E875-4857-86E5-65F59F5E280D}.Release|x64.Build.0 = Release|Any CPU
		{F35AED98-E875-4857-86E5-65F59F5E280D}.Release|x86.ActiveCfg = Release|Any CPU
		{F35AED98-E875-4857-86E5-65F59F5E280D}.Release|x86.Build.0 = Release|Any CPU
		{278AC3C0-3931-43D6-AD1D-5205B5565F88}.Debug|Any CPU.ActiveCfg = Debug|Any CPU
		{278AC3C0-3931-43D6-AD1D-5205B5565F88}.Debug|Any CPU.Build.0 = Debug|Any CPU
		{278AC3C0-3931-43D6-AD1D-5205B5565F88}.Debug|x64.ActiveCfg = Debug|Any CPU
		{278AC3C0-3931-43D6-AD1D-5205B5565F88}.Debug|x64.Build.0 = Debug|Any CPU
		{278AC3C0-3931-43D6-AD1D-5205B5565F88}.Debug|x86.ActiveCfg = Debug|Any CPU
		{278AC3C0-3931-43D6-AD1D-5205B5565F88}.Debug|x86.Build.0 = Debug|Any CPU
		{278AC3C0-3931-43D6-AD1D-5205B5565F88}.Release|Any CPU.ActiveCfg = Release|Any CPU
		{278AC3C0-3931-43D6-AD1D-5205B5565F88}.Release|Any CPU.Build.0 = Release|Any CPU
		{278AC3C0-3931-43D6-AD1D-5205B5565F88}.Release|x64.ActiveCfg = Release|Any CPU
		{278AC3C0-3931-43D6-AD1D-5205B5565F88}.Release|x64.Build.0 = Release|Any CPU
		{278AC3C0-3931-43D6-AD1D-5205B5565F88}.Release|x86.ActiveCfg = Release|Any CPU
		{278AC3C0-3931-43D6-AD1D-5205B5565F88}.Release|x86.Build.0 = Release|Any CPU
		{4F0273D0-152E-476E-8B01-E9541A68F2D8}.Debug|Any CPU.ActiveCfg = Debug|Any CPU
		{4F0273D0-152E-476E-8B01-E9541A68F2D8}.Debug|Any CPU.Build.0 = Debug|Any CPU
		{4F0273D0-152E-476E-8B01-E9541A68F2D8}.Debug|x64.ActiveCfg = Debug|Any CPU
		{4F0273D0-152E-476E-8B01-E9541A68F2D8}.Debug|x64.Build.0 = Debug|Any CPU
		{4F0273D0-152E-476E-8B01-E9541A68F2D8}.Debug|x86.ActiveCfg = Debug|Any CPU
		{4F0273D0-152E-476E-8B01-E9541A68F2D8}.Debug|x86.Build.0 = Debug|Any CPU
		{4F0273D0-152E-476E-8B01-E9541A68F2D8}.Release|Any CPU.ActiveCfg = Release|Any CPU
		{4F0273D0-152E-476E-8B01-E9541A68F2D8}.Release|Any CPU.Build.0 = Release|Any CPU
		{4F0273D0-152E-476E-8B01-E9541A68F2D8}.Release|x64.ActiveCfg = Release|Any CPU
		{4F0273D0-152E-476E-8B01-E9541A68F2D8}.Release|x64.Build.0 = Release|Any CPU
		{4F0273D0-152E-476E-8B01-E9541A68F2D8}.Release|x86.ActiveCfg = Release|Any CPU
		{4F0273D0-152E-476E-8B01-E9541A68F2D8}.Release|x86.Build.0 = Release|Any CPU
		{220561C6-834D-4C07-B43E-8373FBAFD928}.Debug|Any CPU.ActiveCfg = Debug|Any CPU
		{220561C6-834D-4C07-B43E-8373FBAFD928}.Debug|Any CPU.Build.0 = Debug|Any CPU
		{220561C6-834D-4C07-B43E-8373FBAFD928}.Debug|x64.ActiveCfg = Debug|Any CPU
		{220561C6-834D-4C07-B43E-8373FBAFD928}.Debug|x64.Build.0 = Debug|Any CPU
		{220561C6-834D-4C07-B43E-8373FBAFD928}.Debug|x86.ActiveCfg = Debug|Any CPU
		{220561C6-834D-4C07-B43E-8373FBAFD928}.Debug|x86.Build.0 = Debug|Any CPU
		{220561C6-834D-4C07-B43E-8373FBAFD928}.Release|Any CPU.ActiveCfg = Release|Any CPU
		{220561C6-834D-4C07-B43E-8373FBAFD928}.Release|Any CPU.Build.0 = Release|Any CPU
		{220561C6-834D-4C07-B43E-8373FBAFD928}.Release|x64.ActiveCfg = Release|Any CPU
		{220561C6-834D-4C07-B43E-8373FBAFD928}.Release|x64.Build.0 = Release|Any CPU
		{220561C6-834D-4C07-B43E-8373FBAFD928}.Release|x86.ActiveCfg = Release|Any CPU
		{220561C6-834D-4C07-B43E-8373FBAFD928}.Release|x86.Build.0 = Release|Any CPU
		{189F219F-8DF9-4C59-A581-583F1CA579B8}.Debug|Any CPU.ActiveCfg = Debug|Any CPU
		{189F219F-8DF9-4C59-A581-583F1CA579B8}.Debug|Any CPU.Build.0 = Debug|Any CPU
		{189F219F-8DF9-4C59-A581-583F1CA579B8}.Debug|x64.ActiveCfg = Debug|Any CPU
		{189F219F-8DF9-4C59-A581-583F1CA579B8}.Debug|x64.Build.0 = Debug|Any CPU
		{189F219F-8DF9-4C59-A581-583F1CA579B8}.Debug|x86.ActiveCfg = Debug|Any CPU
		{189F219F-8DF9-4C59-A581-583F1CA579B8}.Debug|x86.Build.0 = Debug|Any CPU
		{189F219F-8DF9-4C59-A581-583F1CA579B8}.Release|Any CPU.ActiveCfg = Release|Any CPU
		{189F219F-8DF9-4C59-A581-583F1CA579B8}.Release|Any CPU.Build.0 = Release|Any CPU
		{189F219F-8DF9-4C59-A581-583F1CA579B8}.Release|x64.ActiveCfg = Release|Any CPU
		{189F219F-8DF9-4C59-A581-583F1CA579B8}.Release|x64.Build.0 = Release|Any CPU
		{189F219F-8DF9-4C59-A581-583F1CA579B8}.Release|x86.ActiveCfg = Release|Any CPU
		{189F219F-8DF9-4C59-A581-583F1CA579B8}.Release|x86.Build.0 = Release|Any CPU
		{47A48DCC-5BD0-441F-998E-02E61A4737F9}.Debug|Any CPU.ActiveCfg = Debug|Any CPU
		{47A48DCC-5BD0-441F-998E-02E61A4737F9}.Debug|Any CPU.Build.0 = Debug|Any CPU
		{47A48DCC-5BD0-441F-998E-02E61A4737F9}.Debug|x64.ActiveCfg = Debug|Any CPU
		{47A48DCC-5BD0-441F-998E-02E61A4737F9}.Debug|x64.Build.0 = Debug|Any CPU
		{47A48DCC-5BD0-441F-998E-02E61A4737F9}.Debug|x86.ActiveCfg = Debug|Any CPU
		{47A48DCC-5BD0-441F-998E-02E61A4737F9}.Debug|x86.Build.0 = Debug|Any CPU
		{47A48DCC-5BD0-441F-998E-02E61A4737F9}.Release|Any CPU.ActiveCfg = Release|Any CPU
		{47A48DCC-5BD0-441F-998E-02E61A4737F9}.Release|Any CPU.Build.0 = Release|Any CPU
		{47A48DCC-5BD0-441F-998E-02E61A4737F9}.Release|x64.ActiveCfg = Release|Any CPU
		{47A48DCC-5BD0-441F-998E-02E61A4737F9}.Release|x64.Build.0 = Release|Any CPU
		{47A48DCC-5BD0-441F-998E-02E61A4737F9}.Release|x86.ActiveCfg = Release|Any CPU
		{47A48DCC-5BD0-441F-998E-02E61A4737F9}.Release|x86.Build.0 = Release|Any CPU
		{6A89EAE8-8529-42A8-AC10-9C3C768B85BC}.Debug|Any CPU.ActiveCfg = Debug|Any CPU
		{6A89EAE8-8529-42A8-AC10-9C3C768B85BC}.Debug|Any CPU.Build.0 = Debug|Any CPU
		{6A89EAE8-8529-42A8-AC10-9C3C768B85BC}.Debug|x64.ActiveCfg = Debug|Any CPU
		{6A89EAE8-8529-42A8-AC10-9C3C768B85BC}.Debug|x64.Build.0 = Debug|Any CPU
		{6A89EAE8-8529-42A8-AC10-9C3C768B85BC}.Debug|x86.ActiveCfg = Debug|Any CPU
		{6A89EAE8-8529-42A8-AC10-9C3C768B85BC}.Debug|x86.Build.0 = Debug|Any CPU
		{6A89EAE8-8529-42A8-AC10-9C3C768B85BC}.Release|Any CPU.ActiveCfg = Release|Any CPU
		{6A89EAE8-8529-42A8-AC10-9C3C768B85BC}.Release|Any CPU.Build.0 = Release|Any CPU
		{6A89EAE8-8529-42A8-AC10-9C3C768B85BC}.Release|x64.ActiveCfg = Release|Any CPU
		{6A89EAE8-8529-42A8-AC10-9C3C768B85BC}.Release|x64.Build.0 = Release|Any CPU
		{6A89EAE8-8529-42A8-AC10-9C3C768B85BC}.Release|x86.ActiveCfg = Release|Any CPU
		{6A89EAE8-8529-42A8-AC10-9C3C768B85BC}.Release|x86.Build.0 = Release|Any CPU
	EndGlobalSection
	GlobalSection(SolutionProperties) = preSolution
		HideSolutionNode = FALSE
	EndGlobalSection
	GlobalSection(NestedProjects) = preSolution
		{4404859F-6385-41CB-AF85-D536D2BE1BCF} = {827E0CD3-B72D-47B6-A68D-7590B98EB39B}
		{E4CC4BED-FD65-4041-BE39-FC26DF93C5D6} = {827E0CD3-B72D-47B6-A68D-7590B98EB39B}
		{6CF234FB-A4AC-4E62-92EA-87E8E9AEEBA4} = {827E0CD3-B72D-47B6-A68D-7590B98EB39B}
		{AD2F895E-AAAE-40E6-885D-D2DE10CA3B06} = {827E0CD3-B72D-47B6-A68D-7590B98EB39B}
		{F968B6CB-A8CC-B2D1-970F-136F7B9B018F} = {827E0CD3-B72D-47B6-A68D-7590B98EB39B}
		{B0F6C364-0C40-84D1-F784-8649D99316D4} = {F968B6CB-A8CC-B2D1-970F-136F7B9B018F}
		{F35AED98-E875-4857-86E5-65F59F5E280D} = {B0F6C364-0C40-84D1-F784-8649D99316D4}
		{A2B08D77-13C1-2764-CEC1-4446114DD284} = {F968B6CB-A8CC-B2D1-970F-136F7B9B018F}
		{278AC3C0-3931-43D6-AD1D-5205B5565F88} = {A2B08D77-13C1-2764-CEC1-4446114DD284}
		{DA211C67-CFB4-B9C2-4B8E-EEF80B13D219} = {F968B6CB-A8CC-B2D1-970F-136F7B9B018F}
		{4F0273D0-152E-476E-8B01-E9541A68F2D8} = {DA211C67-CFB4-B9C2-4B8E-EEF80B13D219}
		{22F6F43C-5765-0D32-8FD6-B7D78AE9FB95} = {827E0CD3-B72D-47B6-A68D-7590B98EB39B}
		{35923F25-55E0-2C0D-D19B-FCAFF3B97EBA} = {22F6F43C-5765-0D32-8FD6-B7D78AE9FB95}
		{220561C6-834D-4C07-B43E-8373FBAFD928} = {35923F25-55E0-2C0D-D19B-FCAFF3B97EBA}
		{8D86881A-2011-B13E-7D9C-507917B43949} = {0C88DD14-F956-CE84-757C-A364CCF449FC}
		{D5FB2F32-3CA3-C99F-96D8-446F3B9D8886} = {8D86881A-2011-B13E-7D9C-507917B43949}
		{189F219F-8DF9-4C59-A581-583F1CA579B8} = {D5FB2F32-3CA3-C99F-96D8-446F3B9D8886}
		{EEB487B3-5331-937A-DA96-1BC1CEB315C6} = {8D86881A-2011-B13E-7D9C-507917B43949}
		{47A48DCC-5BD0-441F-998E-02E61A4737F9} = {EEB487B3-5331-937A-DA96-1BC1CEB315C6}
		{32127C09-B074-6ECA-60B3-11E31F86BB91} = {0C88DD14-F956-CE84-757C-A364CCF449FC}
		{924813DD-CBC6-CE56-6AE7-FCC2555A34F2} = {32127C09-B074-6ECA-60B3-11E31F86BB91}
		{6A89EAE8-8529-42A8-AC10-9C3C768B85BC} = {924813DD-CBC6-CE56-6AE7-FCC2555A34F2}
	EndGlobalSection
EndGlobal
